
Microsoft Visual Studio Solution File, Format Version 11.00
# Visual Studio 2010
Project("{FAE04EC0-301F-11D3-BF4B-00C04F79EFBC}") = "Plossum", "src\Plossum\Plossum.csproj", "{156BF637-7F50-4EC8-8476-D4E162335364}"
EndProject
Project("{FAE04EC0-301F-11D3-BF4B-00C04F79EFBC}") = "ex1", "examples\ex1\ex1.csproj", "{A9609A36-E68A-46EF-B5FF-94F4810E942F}"
EndProject
Project("{FAE04EC0-301F-11D3-BF4B-00C04F79EFBC}") = "ex2", "examples\ex2\ex2.csproj", "{0499670A-D3B6-4CCF-A2E1-F8C079EF8EC6}"
EndProject
Global
	GlobalSection(SolutionConfigurationPlatforms) = preSolution
		Debug|Any CPU = Debug|Any CPU
		Release|Any CPU = Release|Any CPU
	EndGlobalSection
	GlobalSection(ProjectConfigurationPlatforms) = postSolution
		{156BF637-7F50-4EC8-8476-D4E162335364}.Debug|Any CPU.ActiveCfg = Debug|Any CPU
		{156BF637-7F50-4EC8-8476-D4E162335364}.Debug|Any CPU.Build.0 = Debug|Any CPU
		{156BF637-7F50-4EC8-8476-D4E162335364}.Release|Any CPU.ActiveCfg = Release|Any CPU
		{156BF637-7F50-4EC8-8476-D4E162335364}.Release|Any CPU.Build.0 = Release|Any CPU
		{A9609A36-E68A-46EF-B5FF-94F4810E942F}.Debug|Any CPU.ActiveCfg = Debug|Any CPU
		{A9609A36-E68A-46EF-B5FF-94F4810E942F}.Debug|Any CPU.Build.0 = Debug|Any CPU
		{A9609A36-E68A-46EF-B5FF-94F4810E942F}.Release|Any CPU.ActiveCfg = Release|Any CPU
		{A9609A36-E68A-46EF-B5FF-94F4810E942F}.Release|Any CPU.Build.0 = Release|Any CPU
		{0499670A-D3B6-4CCF-A2E1-F8C079EF8EC6}.Debug|Any CPU.ActiveCfg = Debug|Any CPU
		{0499670A-D3B6-4CCF-A2E1-F8C079EF8EC6}.Debug|Any CPU.Build.0 = Debug|Any CPU
		{0499670A-D3B6-4CCF-A2E1-F8C079EF8EC6}.Release|Any CPU.ActiveCfg = Release|Any CPU
		{0499670A-D3B6-4CCF-A2E1-F8C079EF8EC6}.Release|Any CPU.Build.0 = Release|Any CPU
	EndGlobalSection
	GlobalSection(SolutionProperties) = preSolution
		HideSolutionNode = FALSE
	EndGlobalSection
EndGlobal
